// !$*UTF8*$!
{
	archiveVersion = 1;
	classes = {
	};
	objectVersion = 77;
	objects = {

/* Begin PBXBuildFile section */
		646BA58C2141991350777D5B /* mozjpeg in Frameworks */ = {isa = PBXBuildFile; productRef = F49D3475F52DF27C40FB82E9 /* mozjpeg */; };
/* End PBXBuildFile section */

/* Begin PBXContainerItemProxy section */
		80288D5D2FEECD4E002401F7 /* PBXContainerItemProxy */ = {
			isa = PBXContainerItemProxy;
			containerPortal = 80288D472FEECD4D002401F7 /* Project object */;
			proxyType = 1;
			remoteGlobalIDString = 80288D4E2FEECD4D002401F7;
			remoteInfo = ic;
		};
		80288D672FEECD4E002401F7 /* PBXContainerItemProxy */ = {
			isa = PBXContainerItemProxy;
			containerPortal = 80288D472FEECD4D002401F7 /* Project object */;
			proxyType = 1;
			remoteGlobalIDString = 80288D4E2FEECD4D002401F7;
			remoteInfo = ic;
		};
/* End PBXContainerItemProxy section */

/* Begin PBXFileReference section */
		743554917D06081ACB97DF5C /* Local.xcconfig */ = {isa = PBXFileReference; lastKnownFileType = text.xcconfig; path = Local.xcconfig; sourceTree = "<group>"; };
		80288D4F2FEECD4D002401F7 /* ic.app */ = {isa = PBXFileReference; explicitFileType = wrapper.application; includeInIndex = 0; path = ic.app; sourceTree = BUILT_PRODUCTS_DIR; };
		80288D5C2FEECD4E002401F7 /* icTests.xctest */ = {isa = PBXFileReference; explicitFileType = wrapper.cfbundle; includeInIndex = 0; path = icTests.xctest; sourceTree = BUILT_PRODUCTS_DIR; };
		80288D662FEECD4E002401F7 /* icUITests.xctest */ = {isa = PBXFileReference; explicitFileType = wrapper.cfbundle; includeInIndex = 0; path = icUITests.xctest; sourceTree = BUILT_PRODUCTS_DIR; };
/* End PBXFileReference section */

/* Begin PBXFileSystemSynchronizedRootGroup section */
		80288D512FEECD4D002401F7 /* ic */ = {
			isa = PBXFileSystemSynchronizedRootGroup;
			path = ic;
			sourceTree = "<group>";
		};
		80288D5F2FEECD4E002401F7 /* icTests */ = {
			isa = PBXFileSystemSynchronizedRootGroup;
			path = icTests;
			sourceTree = "<group>";
		};
		80288D692FEECD4E002401F7 /* icUITests */ = {
			isa = PBXFileSystemSynchronizedRootGroup;
			path = icUITests;
			sourceTree = "<group>";
		};
/* End PBXFileSystemSynchronizedRootGroup section */

/* Begin PBXFrameworksBuildPhase section */
		80288D4C2FEECD4D002401F7 /* Frameworks */ = {
			isa = PBXFrameworksBuildPhase;
			buildActionMask = 2147483647;
			files = (
				646BA58C2141991350777D5B /* mozjpeg in Frameworks */,
			);
			runOnlyForDeploymentPostprocessing = 0;
		};
		80288D592FEECD4E002401F7 /* Frameworks */ = {
			isa = PBXFrameworksBuildPhase;
			buildActionMask = 2147483647;
			files = (
			);
			runOnlyForDeploymentPostprocessing = 0;
		};
		80288D632FEECD4E002401F7 /* Frameworks */ = {
			isa = PBXFrameworksBuildPhase;
			buildActionMask = 2147483647;
			files = (
			);
			runOnlyForDeploymentPostprocessing = 0;
		};
/* End PBXFrameworksBuildPhase section */

/* Begin PBXGroup section */
		80288D462FEECD4D002401F7 = {
			isa = PBXGroup;
			children = (
				80288D512FEECD4D002401F7 /* ic */,
				80288D5F2FEECD4E002401F7 /* icTests */,
				80288D692FEECD4E002401F7 /* icUITests */,
				80288D502FEECD4D002401F7 /* Products */,
			);
			sourceTree = "<group>";
		};
		80288D502FEECD4D002401F7 /* Products */ = {
			isa = PBXGroup;
			children = (
				80288D4F2FEECD4D002401F7 /* ic.app */,
				80288D5C2FEECD4E002401F7 /* icTests.xctest */,
				80288D662FEECD4E002401F7 /* icUITests.xctest */,
			);
			name = Products;
			sourceTree = "<group>";
		};
/* End PBXGroup section */

/* Begin PBXNativeTarget section */
		80288D4E2FEECD4D002401F7 /* ic */ = {
			isa = PBXNativeTarget;
			buildConfigurationList = 80288D702FEECD4E002401F7 /* Build configuration list for PBXNativeTarget "ic" */;
			buildPhases = (
				80288D4B2FEECD4D002401F7 /* Sources */,
				80288D4C2FEECD4D002401F7 /* Frameworks */,
				80288D4D2FEECD4D002401F7 /* Resources */,
			);
			buildRules = (
			);
			dependencies = (
			);
			fileSystemSynchronizedGroups = (
				80288D512FEECD4D002401F7 /* ic */,
			);
			name = ic;
			packageProductDependencies = (
				F49D3475F52DF27C40FB82E9 /* mozjpeg */,
			);
			productName = ic;
			productReference = 80288D4F2FEECD4D002401F7 /* ic.app */;
			productType = "com.apple.product-type.application";
		};
		80288D5B2FEECD4E002401F7 /* icTests */ = {
			isa = PBXNativeTarget;
			buildConfigurationList = 80288D732FEECD4E002401F7 /* Build configuration list for PBXNativeTarget "icTests" */;
			buildPhases = (
				80288D582FEECD4E002401F7 /* Sources */,
				80288D592FEECD4E002401F7 /* Frameworks */,
				80288D5A2FEECD4E002401F7 /* Resources */,
			);
			buildRules = (
			);
			dependencies = (
				80288D5E2FEECD4E002401F7 /* PBXTargetDependency */,
			);
			fileSystemSynchronizedGroups = (
				80288D5F2FEECD4E002401F7 /* icTests */,
			);
			name = icTests;
			packageProductDependencies = (
			);
			productName = icTests;
			productReference = 80288D5C2FEECD4E002401F7 /* icTests.xctest */;
			productType = "com.apple.product-type.bundle.unit-test";
		};
		80288D652FEECD4E002401F7 /* icUITests */ = {
			isa = PBXNativeTarget;
			buildConfigurationList = 80288D762FEECD4E002401F7 /* Build configuration list for PBXNativeTarget "icUITests" */;
			buildPhases = (
				80288D622FEECD4E002401F7 /* Sources */,
				80288D632FEECD4E002401F7 /* Frameworks */,
				80288D642FEECD4E002401F7 /* Resources */,
			);
			buildRules = (
			);
			dependencies = (
				80288D682FEECD4E002401F7 /* PBXTargetDependency */,
			);
			fileSystemSynchronizedGroups = (
				80288D692FEECD4E002401F7 /* icUITests */,
			);
			name = icUITests;
			packageProductDependencies = (
			);
			productName = icUITests;
			productReference = 80288D662FEECD4E002401F7 /* icUITests.xctest */;
			productType = "com.apple.product-type.bundle.ui-testing";
		};
/* End PBXNativeTarget section */

/* Begin PBXProject section */
		80288D472FEECD4D002401F7 /* Project object */ = {
			isa = PBXProject;
			attributes = {
				BuildIndependentTargetsInParallel = 1;
				LastSwiftUpdateCheck = 2660;
				LastUpgradeCheck = 2660;
				TargetAttributes = {
					80288D4E2FEECD4D002401F7 = {
						CreatedOnToolsVersion = 26.6;
					};
					80288D5B2FEECD4E002401F7 = {
						CreatedOnToolsVersion = 26.6;
						TestTargetID = 80288D4E2FEECD4D002401F7;
					};
					80288D652FEECD4E002401F7 = {
						CreatedOnToolsVersion = 26.6;
						TestTargetID = 80288D4E2FEECD4D002401F7;
					};
				};
			};
			buildConfigurationList = 80288D4A2FEECD4D002401F7 /* Build configuration list for PBXProject "ic" */;
			developmentRegion = en;
			hasScannedForEncodings = 0;
			knownRegions = (
				en,
				Base,
			);
			mainGroup = 80288D462FEECD4D002401F7;
			minimizedProjectReferenceProxies = 1;
			packageReferences = (
				C7E7BCE1CDF18B4F563057FC /* XCRemoteSwiftPackageReference "mozjpeg" */,
			);
			preferredProjectObjectVersion = 77;
			productRefGroup = 80288D502FEECD4D002401F7 /* Products */;
			projectDirPath = "";
			projectRoot = "";
			targets = (
				80288D4E2FEECD4D002401F7 /* ic */,
				80288D5B2FEECD4E002401F7 /* icTests */,
				80288D652FEECD4E002401F7 /* icUITests */,
			);
		};
/* End PBXProject section */

/* Begin PBXResourcesBuildPhase section */
		80288D4D2FEECD4D002401F7 /* Resources */ = {
			isa = PBXResourcesBuildPhase;
			buildActionMask = 2147483647;
			files = (
			);
			runOnlyForDeploymentPostprocessing = 0;
		};
		80288D5A2FEECD4E002401F7 /* Resources */ = {
			isa = PBXResourcesBuildPhase;
			buildActionMask = 2147483647;
			files = (
			);
			runOnlyForDeploymentPostprocessing = 0;
		};
		80288D642FEECD4E002401F7 /* Resources */ = {
			isa = PBXResourcesBuildPhase;
			buildActionMask = 2147483647;
			files = (
			);
			runOnlyForDeploymentPostprocessing = 0;
		};
/* End PBXResourcesBuildPhase section */

/* Begin PBXSourcesBuildPhase section */
		80288D4B2FEECD4D002401F7 /* Sources */ = {
			isa = PBXSourcesBuildPhase;
			buildActionMask = 2147483647;
			files = (
			);
			runOnlyForDeploymentPostprocessing = 0;
		};
		80288D582FEECD4E002401F7 /* Sources */ = {
			isa = PBXSourcesBuildPhase;
			buildActionMask = 2147483647;
			files = (
			);
			runOnlyForDeploymentPostprocessing = 0;
		};
		80288D622FEECD4E002401F7 /* Sources */ = {
			isa = PBXSourcesBuildPhase;
			buildActionMask = 2147483647;
			files = (
			);
			runOnlyForDeploymentPostprocessing = 0;
		};
/* End PBXSourcesBuildPhase section */

/* Begin PBXTargetDependency section */
		80288D5E2FEECD4E002401F7 /* PBXTargetDependency */ = {
			isa = PBXTargetDependency;
			target = 80288D4E2FEECD4D002401F7 /* ic */;
			targetProxy = 80288D5D2FEECD4E002401F7 /* PBXContainerItemProxy */;
		};
		80288D682FEECD4E002401F7 /* PBXTargetDependency */ = {
			isa = PBXTargetDependency;
			target = 80288D4E2FEECD4D002401F7 /* ic */;
			targetProxy = 80288D672FEECD4E002401F7 /* PBXContainerItemProxy */;
		};
/* End PBXTargetDependency section */

/* Begin XCBuildConfiguration section */
		80288D6E2FEECD4E002401F7 /* Debug */ = {
			isa = XCBuildConfiguration;
			buildSettings = {
				ALWAYS_SEARCH_USER_PATHS = NO;
				ASSETCATALOG_COMPILER_GENERATE_SWIFT_ASSET_SYMBOL_EXTENSIONS = YES;
				CLANG_ANALYZER_NONNULL = YES;
				CLANG_ANALYZER_NUMBER_OBJECT_CONVERSION = YES_AGGRESSIVE;
				CLANG_CXX_LANGUAGE_STANDARD = "gnu++20";
				CLANG_ENABLE_MODULES = YES;
				CLANG_ENABLE_OBJC_ARC = YES;
				CLANG_ENABLE_OBJC_WEAK = YES;
				CLANG_WARN_BLOCK_CAPTURE_AUTORELEASING = YES;
				CLANG_WARN_BOOL_CONVERSION = YES;
				CLANG_WARN_COMMA = YES;
				CLANG_WARN_CONSTANT_CONVERSION = YES;
				CLANG_WARN_DEPRECATED_OBJC_IMPLEMENTATIONS = YES;
				CLANG_WARN_DIRECT_OBJC_ISA_USAGE = YES_ERROR;
				CLANG_WARN_DOCUMENTATION_COMMENTS = YES;
				CLANG_WARN_EMPTY_BODY = YES;
				CLANG_WARN_ENUM_CONVERSION = YES;
				CLANG_WARN_INFINITE_RECURSION = YES;
				CLANG_WARN_INT_CONVERSION = YES;
				CLANG_WARN_NON_LITERAL_NULL_CONVERSION = YES;
				CLANG_WARN_OBJC_IMPLICIT_RETAIN_SELF = YES;
				CLANG_WARN_OBJC_LITERAL_CONVERSION = YES;
				CLANG_WARN_OBJC_ROOT_CLASS = YES_ERROR;
				CLANG_WARN_QUOTED_INCLUDE_IN_FRAMEWORK_HEADER = YES;
				CLANG_WARN_RANGE_LOOP_ANALYSIS = YES;
				CLANG_WARN_STRICT_PROTOTYPES = YES;
				CLANG_WARN_SUSPICIOUS_MOVE = YES;
				CLANG_WARN_UNGUARDED_AVAILABILITY = YES_AGGRESSIVE;
				CLANG_WARN_UNREACHABLE_CODE = YES;
				CLANG_WARN__DUPLICATE_METHOD_MATCH = YES;
				COPY_PHASE_STRIP = NO;
				DEBUG_INFORMATION_FORMAT = dwarf;
				ENABLE_STRICT_OBJC_MSGSEND = YES;
				ENABLE_TESTABILITY = YES;
				ENABLE_USER_SCRIPT_SANDBOXING = YES;
				GCC_C_LANGUAGE_STANDARD = gnu17;
				GCC_DYNAMIC_NO_PIC = NO;
				GCC_NO_COMMON_BLOCKS = YES;
				GCC_OPTIMIZATION_LEVEL = 0;
				GCC_PREPROCESSOR_DEFINITIONS = (
					"DEBUG=1",
					"$(inherited)",
				);
				GCC_WARN_64_TO_32_BIT_CONVERSION = YES;
				GCC_WARN_ABOUT_RETURN_TYPE = YES_ERROR;
				GCC_WARN_UNDECLARED_SELECTOR = YES;
				GCC_WARN_UNINITIALIZED_AUTOS = YES_AGGRESSIVE;
				GCC_WARN_UNUSED_FUNCTION = YES;
				GCC_WARN_UNUSED_VARIABLE = YES;
				IPHONEOS_DEPLOYMENT_TARGET = 26.5;
				LOCALIZATION_PREFERS_STRING_CATALOGS = YES;
				MTL_ENABLE_DEBUG_INFO = INCLUDE_SOURCE;
				MTL_FAST_MATH = YES;
				ONLY_ACTIVE_ARCH = YES;
				SDKROOT = iphoneos;
				SWIFT_ACTIVE_COMPILATION_CONDITIONS = "DEBUG $(inherited)";
				SWIFT_OPTIMIZATION_LEVEL = "-Onone";
			};
			name = Debug;
		};
		80288D6F2FEECD4E002401F7 /* Release */ = {
			isa = XCBuildConfiguration;
			buildSettings = {
				ALWAYS_SEARCH_USER_PATHS = NO;
				ASSETCATALOG_COMPILER_GENERATE_SWIFT_ASSET_SYMBOL_EXTENSIONS = YES;
				CLANG_ANALYZER_NONNULL = YES;
				CLANG_ANALYZER_NUMBER_OBJECT_CONVERSION = YES_AGGRESSIVE;
				CLANG_CXX_LANGUAGE_STANDARD = "gnu++20";
				CLANG_ENABLE_MODULES = YES;
				CLANG_ENABLE_OBJC_ARC = YES;
				CLANG_ENABLE_OBJC_WEAK = YES;
				CLANG_WARN_BLOCK_CAPTURE_AUTORELEASING = YES;
				CLANG_WARN_BOOL_CONVERSION = YES;
				CLANG_WARN_COMMA = YES;
				CLANG_WARN_CONSTANT_CONVERSION = YES;
				CLANG_WARN_DEPRECATED_OBJC_IMPLEMENTATIONS = YES;
				CLANG_WARN_DIRECT_OBJC_ISA_USAGE = YES_ERROR;
				CLANG_WARN_DOCUMENTATION_COMMENTS = YES;
				CLANG_WARN_EMPTY_BODY = YES;
				CLANG_WARN_ENUM_CONVERSION = YES;
				CLANG_WARN_INFINITE_RECURSION = YES;
				CLANG_WARN_INT_CONVERSION = YES;
				CLANG_WARN_NON_LITERAL_NULL_CONVERSION = YES;
				CLANG_WARN_OBJC_IMPLICIT_RETAIN_SELF = YES;
				CLANG_WARN_OBJC_LITERAL_CONVERSION = YES;
				CLANG_WARN_OBJC_ROOT_CLASS = YES_ERROR;
				CLANG_WARN_QUOTED_INCLUDE_IN_FRAMEWORK_HEADER = YES;
				CLANG_WARN_RANGE_LOOP_ANALYSIS = YES;
				CLANG_WARN_STRICT_PROTOTYPES = YES;
				CLANG_WARN_SUSPICIOUS_MOVE = YES;
				CLANG_WARN_UNGUARDED_AVAILABILITY = YES_AGGRESSIVE;
				CLANG_WARN_UNREACHABLE_CODE = YES;
				CLANG_WARN__DUPLICATE_METHOD_MATCH = YES;
				COPY_PHASE_STRIP = NO;
				DEBUG_INFORMATION_FORMAT = "dwarf-with-dsym";
				ENABLE_NS_ASSERTIONS = NO;
				ENABLE_STRICT_OBJC_MSGSEND = YES;
				ENABLE_USER_SCRIPT_SANDBOXING = YES;
				GCC_C_LANGUAGE_STANDARD = gnu17;
				GCC_NO_COMMON_BLOCKS = YES;
				GCC_WARN_64_TO_32_BIT_CONVERSION = YES;
				GCC_WARN_ABOUT_RETURN_TYPE = YES_ERROR;
				GCC_WARN_UNDECLARED_SELECTOR = YES;
				GCC_WARN_UNINITIALIZED_AUTOS = YES_AGGRESSIVE;
				GCC_WARN_UNUSED_FUNCTION = YES;
				GCC_WARN_UNUSED_VARIABLE = YES;
				IPHONEOS_DEPLOYMENT_TARGET = 26.5;
				LOCALIZATION_PREFERS_STRING_CATALOGS = YES;
				MTL_ENABLE_DEBUG_INFO = NO;
				MTL_FAST_MATH = YES;
				SDKROOT = iphoneos;
				SWIFT_COMPILATION_MODE = wholemodule;
				VALIDATE_PRODUCT = YES;
			};
			name = Release;
		};
		80288D712FEECD4E002401F7 /* Debug */ = {
			isa = XCBuildConfiguration;
			baseConfigurationReference = 743554917D06081ACB97DF5C /* Local.xcconfig */;
			buildSettings = {
				ASSETCATALOG_COMPILER_APPICON_NAME = AppIcon;
				ASSETCATALOG_COMPILER_GLOBAL_ACCENT_COLOR_NAME = AccentColor;
				CODE_SIGN_STYLE = Automatic;
				CURRENT_PROJECT_VERSION = 1;
				ENABLE_PREVIEWS = YES;
				GENERATE_INFOPLIST_FILE = YES;
				INFOPLIST_KEY_LSApplicationCategoryType = "public.app-category.utilities";
				INFOPLIST_KEY_NSPhotoLibraryUsageDescription = "Image Compressor needs access to your photos to compress JPEG images and save storage space.";
				INFOPLIST_KEY_UIApplicationSceneManifest_Generation = YES;
				INFOPLIST_KEY_UIApplicationSupportsIndirectInputEvents = YES;
				INFOPLIST_KEY_UILaunchScreen_Generation = YES;
				INFOPLIST_KEY_UISupportedInterfaceOrientations_iPad = "UIInterfaceOrientationPortrait UIInterfaceOrientationPortraitUpsideDown UIInterfaceOrientationLandscapeLeft UIInterfaceOrientationLandscapeRight";
				INFOPLIST_KEY_UISupportedInterfaceOrientations_iPhone = "UIInterfaceOrientationPortrait UIInterfaceOrientationLandscapeLeft UIInterfaceOrientationLandscapeRight";
				LD_RUNPATH_SEARCH_PATHS = (
					"$(inherited)",
					"@executable_path/Frameworks",
				);
				MARKETING_VERSION = 1.0;
				PRODUCT_BUNDLE_IDENTIFIER = ahxxm.ic;
				PRODUCT_NAME = "$(TARGET_NAME)";
				STRING_CATALOG_GENERATE_SYMBOLS = YES;
				SWIFT_APPROACHABLE_CONCURRENCY = YES;
				SWIFT_DEFAULT_ACTOR_ISOLATION = MainActor;
				SWIFT_EMIT_LOC_STRINGS = YES;
				SWIFT_UPCOMING_FEATURE_MEMBER_IMPORT_VISIBILITY = YES;
				SWIFT_VERSION = 5.0;
				TARGETED_DEVICE_FAMILY = "1,2";
			};
			name = Debug;
		};
		80288D722FEECD4E002401F7 /* Release */ = {
			isa = XCBuildConfiguration;
			baseConfigurationReference = 743554917D06081ACB97DF5C /* Local.xcconfig */;
			buildSettings = {
				ASSETCATALOG_COMPILER_APPICON_NAME = AppIcon;
				ASSETCATALOG_COMPILER_GLOBAL_ACCENT_COLOR_NAME = AccentColor;
				CODE_SIGN_STYLE = Automatic;
				CURRENT_PROJECT_VERSION = 1;
				ENABLE_PREVIEWS = YES;
				GENERATE_INFOPLIST_FILE = YES;
				INFOPLIST_KEY_LSApplicationCategoryType = "public.app-category.utilities";
				INFOPLIST_KEY_NSPhotoLibraryUsageDescription = "Image Compressor needs access to your photos to compress JPEG images and save storage space.";
				INFOPLIST_KEY_UIApplicationSceneManifest_Generation = YES;
				INFOPLIST_KEY_UIApplicationSupportsIndirectInputEvents = YES;
				INFOPLIST_KEY_UILaunchScreen_Generation = YES;
				INFOPLIST_KEY_UISupportedInterfaceOrientations_iPad = "UIInterfaceOrientationPortrait UIInterfaceOrientationPortraitUpsideDown UIInterfaceOrientationLandscapeLeft UIInterfaceOrientationLandscapeRight";
				INFOPLIST_KEY_UISupportedInterfaceOrientations_iPhone = "UIInterfaceOrientationPortrait UIInterfaceOrientationLandscapeLeft UIInterfaceOrientationLandscapeRight";
				LD_RUNPATH_SEARCH_PATHS = (
					"$(inherited)",
					"@executable_path/Frameworks",
				);
				MARKETING_VERSION = 1.0;
				PRODUCT_BUNDLE_IDENTIFIER = ahxxm.ic;
				PRODUCT_NAME = "$(TARGET_NAME)";
				STRING_CATALOG_GENERATE_SYMBOLS = YES;
				SWIFT_APPROACHABLE_CONCURRENCY = YES;
				SWIFT_DEFAULT_ACTOR_ISOLATION = MainActor;
				SWIFT_EMIT_LOC_STRINGS = YES;
				SWIFT_UPCOMING_FEATURE_MEMBER_IMPORT_VISIBILITY = YES;
				SWIFT_VERSION = 5.0;
				TARGETED_DEVICE_FAMILY = "1,2";
			};
			name = Release;
		};
		80288D742FEECD4E002401F7 /* Debug */ = {
			isa = XCBuildConfiguration;
			buildSettings = {
				BUNDLE_LOADER = "$(TEST_HOST)";
				CODE_SIGN_STYLE = Automatic;
				CURRENT_PROJECT_VERSION = 1;
				GENERATE_INFOPLIST_FILE = YES;
				IPHONEOS_DEPLOYMENT_TARGET = 26.5;
				MARKETING_VERSION = 1.0;
				PRODUCT_BUNDLE_IDENTIFIER = ahxxm.icTests;
				PRODUCT_NAME = "$(TARGET_NAME)";
				STRING_CATALOG_GENERATE_SYMBOLS = NO;
				SWIFT_APPROACHABLE_CONCURRENCY = YES;
				SWIFT_EMIT_LOC_STRINGS = NO;
				SWIFT_UPCOMING_FEATURE_MEMBER_IMPORT_VISIBILITY = YES;
				SWIFT_VERSION = 5.0;
				TARGETED_DEVICE_FAMILY = "1,2";
				TEST_HOST = "$(BUILT_PRODUCTS_DIR)/ic.app/$(BUNDLE_EXECUTABLE_FOLDER_PATH)/ic";
			};
			name = Debug;
		};
		80288D752FEECD4E002401F7 /* Release */ = {
			isa = XCBuildConfiguration;
			buildSettings = {
				BUNDLE_LOADER = "$(TEST_HOST)";
				CODE_SIGN_STYLE = Automatic;
				CURRENT_PROJECT_VERSION = 1;
				GENERATE_INFOPLIST_FILE = YES;
				IPHONEOS_DEPLOYMENT_TARGET = 26.5;
				MARKETING_VERSION = 1.0;
				PRODUCT_BUNDLE_IDENTIFIER = ahxxm.icTests;
				PRODUCT_NAME = "$(TARGET_NAME)";
				STRING_CATALOG_GENERATE_SYMBOLS = NO;
				SWIFT_APPROACHABLE_CONCURRENCY = YES;
				SWIFT_EMIT_LOC_STRINGS = NO;
				SWIFT_UPCOMING_FEATURE_MEMBER_IMPORT_VISIBILITY = YES;
				SWIFT_VERSION = 5.0;
				TARGETED_DEVICE_FAMILY = "1,2";
				TEST_HOST = "$(BUILT_PRODUCTS_DIR)/ic.app/$(BUNDLE_EXECUTABLE_FOLDER_PATH)/ic";
			};
			name = Release;
		};
		80288D772FEECD4E002401F7 /* Debug */ = {
			isa = XCBuildConfiguration;
			buildSettings = {
				CODE_SIGN_STYLE = Automatic;
				CURRENT_PROJECT_VERSION = 1;
				GENERATE_INFOPLIST_FILE = YES;
				MARKETING_VERSION = 1.0;
				PRODUCT_BUNDLE_IDENTIFIER = ahxxm.icUITests;
				PRODUCT_NAME = "$(TARGET_NAME)";
				STRING_CATALOG_GENERATE_SYMBOLS = NO;
				SWIFT_APPROACHABLE_CONCURRENCY = YES;
				SWIFT_EMIT_LOC_STRINGS = NO;
				SWIFT_UPCOMING_FEATURE_MEMBER_IMPORT_VISIBILITY = YES;
				SWIFT_VERSION = 5.0;
				TARGETED_DEVICE_FAMILY = "1,2";
				TEST_TARGET_NAME = ic;
			};
			name = Debug;
		};
		80288D782FEECD4E002401F7 /* Release */ = {
			isa = XCBuildConfiguration;
			buildSettings = {
				CODE_SIGN_STYLE = Automatic;
				CURRENT_PROJECT_VERSION = 1;
				GENERATE_INFOPLIST_FILE = YES;
				MARKETING_VERSION = 1.0;
				PRODUCT_BUNDLE_IDENTIFIER = ahxxm.icUITests;
				PRODUCT_NAME = "$(TARGET_NAME)";
				STRING_CATALOG_GENERATE_SYMBOLS = NO;
				SWIFT_APPROACHABLE_CONCURRENCY = YES;
				SWIFT_EMIT_LOC_STRINGS = NO;
				SWIFT_UPCOMING_FEATURE_MEMBER_IMPORT_VISIBILITY = YES;
				SWIFT_VERSION = 5.0;
				TARGETED_DEVICE_FAMILY = "1,2";
				TEST_TARGET_NAME = ic;
			};
			name = Release;
		};
/* End XCBuildConfiguration section */

/* Begin XCConfigurationList section */
		80288D4A2FEECD4D002401F7 /* Build configuration list for PBXProject "ic" */ = {
			isa = XCConfigurationList;
			buildConfigurations = (
				80288D6E2FEECD4E002401F7 /* Debug */,
				80288D6F2FEECD4E002401F7 /* Release */,
			);
			defaultConfigurationIsVisible = 0;
			defaultConfigurationName = Release;
		};
		80288D702FEECD4E002401F7 /* Build configuration list for PBXNativeTarget "ic" */ = {
			isa = XCConfigurationList;
			buildConfigurations = (
				80288D712FEECD4E002401F7 /* Debug */,
				80288D722FEECD4E002401F7 /* Release */,
			);
			defaultConfigurationIsVisible = 0;
			defaultConfigurationName = Release;
		};
		80288D732FEECD4E002401F7 /* Build configuration list for PBXNativeTarget "icTests" */ = {
			isa = XCConfigurationList;
			buildConfigurations = (
				80288D742FEECD4E002401F7 /* Debug */,
				80288D752FEECD4E002401F7 /* Release */,
			);
			defaultConfigurationIsVisible = 0;
			defaultConfigurationName = Release;
		};
		80288D762FEECD4E002401F7 /* Build configuration list for PBXNativeTarget "icUITests" */ = {
			isa = XCConfigurationList;
			buildConfigurations = (
				80288D772FEECD4E002401F7 /* Debug */,
				80288D782FEECD4E002401F7 /* Release */,
			);
			defaultConfigurationIsVisible = 0;
			defaultConfigurationName = Release;
		};
/* End XCConfigurationList section */

/* Begin XCRemoteSwiftPackageReference section */
		C7E7BCE1CDF18B4F563057FC /* XCRemoteSwiftPackageReference "mozjpeg" */ = {
			isa = XCRemoteSwiftPackageReference;
			repositoryURL = "https://github.com/awxkee/mozjpeg.swift";
			requirement = {
				kind = upToNextMajorVersion;
				minimumVersion = 1.1.3;
			};
		};
/* End XCRemoteSwiftPackageReference section */

/* Begin XCSwiftPackageProductDependency section */
		F49D3475F52DF27C40FB82E9 /* mozjpeg */ = {
			isa = XCSwiftPackageProductDependency;
			package = C7E7BCE1CDF18B4F563057FC /* XCRemoteSwiftPackageReference "mozjpeg" */;
			productName = mozjpeg;
		};
/* End XCSwiftPackageProductDependency section */
	};
	rootObject = 80288D472FEECD4D002401F7 /* Project object */;
}
